// !$*UTF8*$!
{
	archiveVersion = 1;
	classes = {
	};
	objectVersion = 50;
	objects = {

/* Begin PBXBuildFile section */
		995E669F2AAA4E6000CEA776 /* AppDelegate.swift in Sources */ = {isa = PBXBuildFile; fileRef = 995E669E2AAA4E6000CEA776 /* AppDelegate.swift */; };
		995E66A12AAA4E6000CEA776 /* SceneDelegate.swift in Sources */ = {isa = PBXBuildFile; fileRef = 995E66A02AAA4E6000CEA776 /* SceneDelegate.swift */; };
		995E66A32AAA4E6000CEA776 /* ViewController.swift in Sources */ = {isa = PBXBuildFile; fileRef = 995E66A22AAA4E6000CEA776 /* ViewController.swift */; };
		995E66A62AAA4E6000CEA776 /* Main.storyboard in Resources */ = {isa = PBXBuildFile; fileRef = 995E66A42AAA4E6000CEA776 /* Main.storyboard */; };
		995E66A82AAA4E6100CEA776 /* Assets.xcassets in Resources */ = {isa = PBXBuildFile; fileRef = 995E66A72AAA4E6100CEA776 /* Assets.xcassets */; };
		995E66AB2AAA4E6100CEA776 /* LaunchScreen.storyboard in Resources */ = {isa = PBXBuildFile; fileRef = 995E66A92AAA4E6100CEA776 /* LaunchScreen.storyboard */; };
		995E66B32AAA4F3800CEA776 /* MyTableViewController.swift in Sources */ = {isa = PBXBuildFile; fileRef = 995E66B22AAA4F3800CEA776 /* MyTableViewController.swift */; };
/* End PBXBuildFile section */

/* Begin PBXFileReference section */
		995E669B2AAA4E6000CEA776 /* day.8.app */ = {isa = PBXFileReference; explicitFileType = wrapper.application; includeInIndex = 0; path = day.8.app; sourceTree = BUILT_PRODUCTS_DIR; };
		995E669E2AAA4E6000CEA776 /* AppDelegate.swift */ = {isa = PBXFileReference; lastKnownFileType = sourcecode.swift; path = AppDelegate.swift; sourceTree = "<group>"; };
		995E66A02AAA4E6000CEA776 /* SceneDelegate.swift */ = {isa = PBXFileReference; lastKnownFileType = sourcecode.swift; path = SceneDelegate.swift; sourceTree = "<group>"; };
		995E66A22AAA4E6000CEA776 /* ViewController.swift */ = {isa = PBXFileReference; lastKnownFileType = sourcecode.swift; path = ViewController.swift; sourceTree = "<group>"; };
		995E66A52AAA4E6000CEA776 /* Base */ = {isa = PBXFileReference; lastKnownFileType = file.storyboard; name = Base; path = Base.lproj/Main.storyboard; sourceTree = "<group>"; };
		995E66A72AAA4E6100CEA776 /* Assets.xcassets */ = {isa = PBXFileReference; lastKnownFileType = folder.assetcatalog; path = Assets.xcassets; sourceTree = "<group>"; };
		995E66AA2AAA4E6100CEA776 /* Base */ = {isa = PBXFileReference; lastKnownFileType = file.storyboard; name = Base; path = Base.lproj/LaunchScreen.storyboard; sourceTree = "<group>"; };
		995E66AC2AAA4E6100CEA776 /* Info.plist */ = {isa = PBXFileReference; lastKnownFileType = text.plist.xml; path = Info.plist; sourceTree = "<group>"; };
		995E66B22AAA4F3800CEA776 /* MyTableViewController.swift */ = {isa = PBXFileReference; lastKnownFileType = sourcecode.swift; path = MyTableViewController.swift; sourceTree = "<group>"; };
/* End PBXFileReference section */

/* Begin PBXFrameworksBuildPhase section */
		995E66982AAA4E6000CEA776 /* Frameworks */ = {
			isa = PBXFrameworksBuildPhase;
			buildActionMask = 2147483647;
			files = (
			);
			runOnlyForDeploymentPostprocessing = 0;
		};
/* End PBXFrameworksBuildPhase section */

/* Begin PBXGroup section */
		995E66922AAA4E6000CEA776 = {
			isa = PBXGroup;
			children = (
				995E669D2AAA4E6000CEA776 /* day.8 */,
				995E669C2AAA4E6000CEA776 /* Products */,
			);
			sourceTree = "<group>";
		};
		995E669C2AAA4E6000CEA776 /* Products */ = {
			isa = PBXGroup;
			children = (
				995E669B2AAA4E6000CEA776 /* day.8.app */,
			);
			name = Products;
			sourceTree = "<group>";
		};
		995E669D2AAA4E6000CEA776 /* day.8 */ = {
			isa = PBXGroup;
			children = (
				995E669E2AAA4E6000CEA776 /* AppDelegate.swift */,
				995E66A02AAA4E6000CEA776 /* SceneDelegate.swift */,
				995E66A22AAA4E6000CEA776 /* ViewController.swift */,
				995E66B22AAA4F3800CEA776 /* MyTableViewController.swift */,
				995E66A42AAA4E6000CEA776 /* Main.storyboard */,
				995E66A72AAA4E6100CEA776 /* Assets.xcassets */,
				995E66A92AAA4E6100CEA776 /* LaunchScreen.storyboard */,
				995E66AC2AAA4E6100CEA776 /* Info.plist */,
			);
			path = day.8;
			sourceTree = "<group>";
		};
/* End PBXGroup section */

/* Begin PBXNativeTarget section */
		995E669A2AAA4E6000CEA776 /* day.8 */ = {
			isa = PBXNativeTarget;
			buildConfigurationList = 995E66AF2AAA4E6100CEA776 /* Build configuration list for PBXNativeTarget "day.8" */;
			buildPhases = (
				995E66972AAA4E6000CEA776 /* Sources */,
				995E66982AAA4E6000CEA776 /* Frameworks */,
				995E66992AAA4E6000CEA776 /* Resources */,
			);
			buildRules = (
			);
			dependencies = (
			);
			name = day.8;
			productName = day.8;
			productReference = 995E669B2AAA4E6000CEA776 /* day.8.app */;
			productType = "com.apple.product-type.application";
		};
/* End PBXNativeTarget section */

/* Begin PBXProject section */
		995E66932AAA4E6000CEA776 /* Project object */ = {
			isa = PBXProject;
			attributes = {
				LastSwiftUpdateCheck = 1170;
				LastUpgradeCheck = 1240;
				ORGANIZATIONNAME = "rawan ";
				TargetAttributes = {
					995E669A2AAA4E6000CEA776 = {
						CreatedOnToolsVersion = 11.7;
					};
				};
			};
			buildConfigurationList = 995E66962AAA4E6000CEA776 /* Build configuration list for PBXProject "day.8" */;
			compatibilityVersion = "Xcode 9.3";
			developmentRegion = en;
			hasScannedForEncodings = 0;
			knownRegions = (
				en,
				Base,
			);
			mainGroup = 995E66922AAA4E6000CEA776;
			productRefGroup = 995E669C2AAA4E6000CEA776 /* Products */;
			projectDirPath = "";
			projectRoot = "";
			targets = (
				995E669A2AAA4E6000CEA776 /* day.8 */,
			);
		};
/* End PBXProject section */

/* Begin PBXResourcesBuildPhase section */
		995E66992AAA4E6000CEA776 /* Resources */ = {
			isa = PBXResourcesBuildPhase;
			buildActionMask = 2147483647;
			files = (
				995E66AB2AAA4E6100CEA776 /* LaunchScreen.storyboard in Resources */,
				995E66A82AAA4E6100CEA776 /* Assets.xcassets in Resources */,
				995E66A62AAA4E6000CEA776 /* Main.storyboard in Resources */,
			);
			runOnlyForDeploymentPostprocessing = 0;
		};
/* End PBXResourcesBuildPhase section */

/* Begin PBXSourcesBuildPhase section */
		995E66972AAA4E6000CEA776 /* Sources */ = {
			isa = PBXSourcesBuildPhase;
			buildActionMask = 2147483647;
			files = (
				995E66A32AAA4E6000CEA776 /* ViewController.swift in Sources */,
				995E669F2AAA4E6000CEA776 /* AppDelegate.swift in Sources */,
				995E66A12AAA4E6000CEA776 /* SceneDelegate.swift in Sources */,
				995E66B32AAA4F3800CEA776 /* MyTableViewController.swift in Sources */,
			);
			runOnlyForDeploymentPostprocessing = 0;
		};
/* End PBXSourcesBuildPhase section */

/* Begin PBXVariantGroup section */
		995E66A42AAA4E6000CEA776 /* Main.storyboard */ = {
			isa = PBXVariantGroup;
			children = (
				995E66A52AAA4E6000CEA776 /* Base */,
			);
			name = Main.storyboard;
			sourceTree = "<group>";
		};
		995E66A92AAA4E6100CEA776 /* LaunchScreen.storyboard */ = {
			isa = PBXVariantGroup;
			children = (
				995E66AA2AAA4E6100CEA776 /* Base */,
			);
			name = LaunchScreen.storyboard;
			sourceTree = "<group>";
		};
/* End PBXVariantGroup section */

/* Begin XCBuildConfiguration section */
		995E66AD2AAA4E6100CEA776 /* Debug */ = {
			isa = XCBuildConfiguration;
			buildSettings = {
				ALWAYS_SEARCH_USER_PATHS = NO;
				CLANG_ANALYZER_NONNULL = YES;
				CLANG_ANALYZER_NUMBER_OBJECT_CONVERSION = YES_AGGRESSIVE;
				CLANG_CXX_LANGUAGE_STANDARD = "gnu++14";
				CLANG_CXX_LIBRARY = "libc++";
				CLANG_ENABLE_MODULES = YES;
				CLANG_ENABLE_OBJC_ARC = YES;
				CLANG_ENABLE_OBJC_WEAK = YES;
				CLANG_WARN_BLOCK_CAPTURE_AUTORELEASING = YES;
				CLANG_WARN_BOOL_CONVERSION = YES;
				CLANG_WARN_COMMA = YES;
				CLANG_WARN_CONSTANT_CONVERSION = YES;
				CLANG_WARN_DEPRECATED_OBJC_IMPLEMENTATIONS = YES;
				CLANG_WARN_DIRECT_OBJC_ISA_USAGE = YES_ERROR;
				CLANG_WARN_DOCUMENTATION_COMMENTS = YES;
				CLANG_WARN_EMPTY_BODY = YES;
				CLANG_WARN_ENUM_CONVERSION = YES;
				CLANG_WARN_INFINITE_RECURSION = YES;
				CLANG_WARN_INT_CONVERSION = YES;
				CLANG_WARN_NON_LITERAL_NULL_CONVERSION = YES;
				CLANG_WARN_OBJC_IMPLICIT_RETAIN_SELF = YES;
				CLANG_WARN_OBJC_LITERAL_CONVERSION = YES;
				CLANG_WARN_OBJC_ROOT_CLASS = YES_ERROR;
				CLANG_WARN_QUOTED_INCLUDE_IN_FRAMEWORK_HEADER = YES;
				CLANG_WARN_RANGE_LOOP_ANALYSIS = YES;
				CLANG_WARN_STRICT_PROTOTYPES = YES;
				CLANG_WARN_SUSPICIOUS_MOVE = YES;
				CLANG_WARN_UNGUARDED_AVAILABILITY = YES_AGGRESSIVE;
				CLANG_WARN_UNREACHABLE_CODE = YES;
				CLANG_WARN__DUPLICATE_METHOD_MATCH = YES;
				COPY_PHASE_STRIP = NO;
				DEBUG_INFORMATION_FORMAT = dwarf;
				ENABLE_STRICT_OBJC_MSGSEND = YES;
				ENABLE_TESTABILITY = YES;
				GCC_C_LANGUAGE_STANDARD = gnu11;
				GCC_DYNAMIC_NO_PIC = NO;
				GCC_NO_COMMON_BLOCKS = YES;
				GCC_OPTIMIZATION_LEVEL = 0;
				GCC_PREPROCESSOR_DEFINITIONS = (
					"DEBUG=1",
					"$(inherited)",
				);
				GCC_WARN_64_TO_32_BIT_CONVERSION = YES;
				GCC_WARN_ABOUT_RETURN_TYPE = YES_ERROR;
				GCC_WARN_UNDECLARED_SELECTOR = YES;
				GCC_WARN_UNINITIALIZED_AUTOS = YES_AGGRESSIVE;
				GCC_WARN_UNUSED_FUNCTION = YES;
				GCC_WARN_UNUSED_VARIABLE = YES;
				IPHONEOS_DEPLOYMENT_TARGET = 13.7;
				MTL_ENABLE_DEBUG_INFO = INCLUDE_SOURCE;
				MTL_FAST_MATH = YES;
				ONLY_ACTIVE_ARCH = YES;
				SDKROOT = iphoneos;
				SWIFT_ACTIVE_COMPILATION_CONDITIONS = DEBUG;
				SWIFT_OPTIMIZATION_LEVEL = "-Onone";
			};
			name = Debug;
		};
		995E66AE2AAA4E6100CEA776 /* Release */ = {
			isa = XCBuildConfiguration;
			buildSettings = {
				ALWAYS_SEARCH_USER_PATHS = NO;
				CLANG_ANALYZER_NONNULL = YES;
				CLANG_ANALYZER_NUMBER_OBJECT_CONVERSION = YES_AGGRESSIVE;
				CLANG_CXX_LANGUAGE_STANDARD = "gnu++14";
				CLANG_CXX_LIBRARY = "libc++";
				CLANG_ENABLE_MODULES = YES;
				CLANG_ENABLE_OBJC_ARC = YES;
				CLANG_ENABLE_OBJC_WEAK = YES;
				CLANG_WARN_BLOCK_CAPTURE_AUTORELEASING = YES;
				CLANG_WARN_BOOL_CONVERSION = YES;
				CLANG_WARN_COMMA = YES;
				CLANG_WARN_CONSTANT_CONVERSION = YES;
				CLANG_WARN_DEPRECATED_OBJC_IMPLEMENTATIONS = YES;
				CLANG_WARN_DIRECT_OBJC_ISA_USAGE = YES_ERROR;
				CLANG_WARN_DOCUMENTATION_COMMENTS = YES;
				CLANG_WARN_EMPTY_BODY = YES;
				CLANG_WARN_ENUM_CONVERSION = YES;
				CLANG_WARN_INFINITE_RECURSION = YES;
				CLANG_WARN_INT_CONVERSION = YES;
				CLANG_WARN_NON_LITERAL_NULL_CONVERSION = YES;
				CLANG_WARN_OBJC_IMPLICIT_RETAIN_SELF = YES;
				CLANG_WARN_OBJC_LITERAL_CONVERSION = YES;
				CLANG_WARN_OBJC_ROOT_CLASS = YES_ERROR;
				CLANG_WARN_QUOTED_INCLUDE_IN_FRAMEWORK_HEADER = YES;
				CLANG_WARN_RANGE_LOOP_ANALYSIS = YES;
				CLANG_WARN_STRICT_PROTOTYPES = YES;
				CLANG_WARN_SUSPICIOUS_MOVE = YES;
				CLANG_WARN_UNGUARDED_AVAILABILITY = YES_AGGRESSIVE;
				CLANG_WARN_UNREACHABLE_CODE = YES;
				CLANG_WARN__DUPLICATE_METHOD_MATCH = YES;
				COPY_PHASE_STRIP = NO;
				DEBUG_INFORMATION_FORMAT = "dwarf-with-dsym";
				ENABLE_NS_ASSERTIONS = NO;
				ENABLE_STRICT_OBJC_MSGSEND = YES;
				GCC_C_LANGUAGE_STANDARD = gnu11;
				GCC_NO_COMMON_BLOCKS = YES;
				GCC_WARN_64_TO_32_BIT_CONVERSION = YES;
				GCC_WARN_ABOUT_RETURN_TYPE = YES_ERROR;
				GCC_WARN_UNDECLARED_SELECTOR = YES;
				GCC_WARN_UNINITIALIZED_AUTOS = YES_AGGRESSIVE;
				GCC_WARN_UNUSED_FUNCTION = YES;
				GCC_WARN_UNUSED_VARIABLE = YES;
				IPHONEOS_DEPLOYMENT_TARGET = 13.7;
				MTL_ENABLE_DEBUG_INFO = NO;
				MTL_FAST_MATH = YES;
				SDKROOT = iphoneos;
				SWIFT_COMPILATION_MODE = wholemodule;
				SWIFT_OPTIMIZATION_LEVEL = "-O";
				VALIDATE_PRODUCT = YES;
			};
			name = Release;
		};
		995E66B02AAA4E6100CEA776 /* Debug */ = {
			isa = XCBuildConfiguration;
			buildSettings = {
				ASSETCATALOG_COMPILER_APPICON_NAME = AppIcon;
				CODE_SIGN_STYLE = Automatic;
				DEVELOPMENT_TEAM = WXT8UC69QL;
				INFOPLIST_FILE = day.8/Info.plist;
				LD_RUNPATH_SEARCH_PATHS = (
					"$(inherited)",
					"@executable_path/Frameworks",
				);
				PRODUCT_BUNDLE_IDENTIFIER = "iTi.day-8";
				PRODUCT_NAME = "$(TARGET_NAME)";
				SWIFT_VERSION = 5.0;
				TARGETED_DEVICE_FAMILY = "1,2";
			};
			name = Debug;
		};
		995E66B12AAA4E6100CEA776 /* Release */ = {
			isa = XCBuildConfiguration;
			buildSettings = {
				ASSETCATALOG_COMPILER_APPICON_NAME = AppIcon;
				CODE_SIGN_STYLE = Automatic;
				DEVELOPMENT_TEAM = WXT8UC69QL;
				INFOPLIST_FILE = day.8/Info.plist;
				LD_RUNPATH_SEARCH_PATHS = (
					"$(inherited)",
					"@executable_path/Frameworks",
				);
				PRODUCT_BUNDLE_IDENTIFIER = "iTi.day-8";
				PRODUCT_NAME = "$(TARGET_NAME)";
				SWIFT_VERSION = 5.0;
				TARGETED_DEVICE_FAMILY = "1,2";
			};
			name = Release;
		};
/* End XCBuildConfiguration section */

/* Begin XCConfigurationList section */
		995E66962AAA4E6000CEA776 /* Build configuration list for PBXProject "day.8" */ = {
			isa = XCConfigurationList;
			buildConfigurations = (
				995E66AD2AAA4E6100CEA776 /* Debug */,
				995E66AE2AAA4E6100CEA776 /* Release */,
			);
			defaultConfigurationIsVisible = 0;
			defaultConfigurationName = Release;
		};
		995E66AF2AAA4E6100CEA776 /* Build configuration list for PBXNativeTarget "day.8" */ = {
			isa = XCConfigurationList;
			buildConfigurations = (
				995E66B02AAA4E6100CEA776 /* Debug */,
				995E66B12AAA4E6100CEA776 /* Release */,
			);
			defaultConfigurationIsVisible = 0;
			defaultConfigurationName = Release;
		};
/* End XCConfigurationList section */
	};
	rootObject = 995E66932AAA4E6000CEA776 /* Project object */;
}
